{
  "name": "Cross-Lingual-Text-to-Video-Synthesis-of-Government-Press-Releases-master",
  "lockfileVersion": 3,
  "requires": true,
  "packages": {
    "": {
      "dependencies": {
        "smartcrop": "^2.0.5"
      }
    },
    "node_modules/smartcrop": {
      "version": "2.0.5",
      "resolved": "https://registry.npmjs.org/smartcrop/-/smartcrop-2.0.5.tgz",
      "integrity": "sha512-aXoHTM8XlC51g96kgZkYxZ2mx09/ibOrIVLiUNOFozV/MHmFSgEr1/5CKVBoFD5vd+re2wSy0xra21CyjRITzA=="
    }
  }
}
